
Microsoft Visual Studio Solution File, Format Version 12.00
# Visual Studio Version 17
VisualStudioVersion = 17.5.002.0
MinimumVisualStudioVersion = 10.0.40219.1
Project("{9A19103F-16F7-4668-BE54-9A1E7A4F7556}") = "ExemploFundamentos", "ExemploFundamentos\ExemploFundamentos.csproj", "{0321AC80-A1C0-4B0B-8E0E-74B93A7146C1}"
EndProject
Project("{FAE04EC0-301F-11D3-BF4B-00C04F79EFBC}") = "ExemploFundamentos.Common", "ExemploFundamentos.Common\ExemploFundamentos.Common.csproj", "{20E231D6-1749-47E7-BAD4-B6328AF57256}"
EndProject
Global
	GlobalSection(SolutionConfigurationPlatforms) = preSolution
		Debug|Any CPU = Debug|Any CPU
		Release|Any CPU = Release|Any CPU
	EndGlobalSection
	GlobalSection(ProjectConfigurationPlatforms) = postSolution
		{0321AC80-A1C0-4B0B-8E0E-74B93A7146C1}.Debug|Any CPU.ActiveCfg = Debug|Any CPU
		{0321AC80-A1C0-4B0B-8E0E-74B93A7146C1}.Debug|Any CPU.Build.0 = Debug|Any CPU
		{0321AC80-A1C0-4B0B-8E0E-74B93A7146C1}.Release|Any CPU.ActiveCfg = Release|Any CPU
		{0321AC80-A1C0-4B0B-8E0E-74B93A7146C1}.Release|Any CPU.Build.0 = Release|Any CPU
		{20E231D6-1749-47E7-BAD4-B6328AF57256}.Debug|Any CPU.ActiveCfg = Debug|Any CPU
		{20E231D6-1749-47E7-BAD4-B6328AF57256}.Debug|Any CPU.Build.0 = Debug|Any CPU
		{20E231D6-1749-47E7-BAD4-B6328AF57256}.Release|Any CPU.ActiveCfg = Release|Any CPU
		{20E231D6-1749-47E7-BAD4-B6328AF57256}.Release|Any CPU.Build.0 = Release|Any CPU
	EndGlobalSection
	GlobalSection(SolutionProperties) = preSolution
		HideSolutionNode = FALSE
	EndGlobalSection
	GlobalSection(ExtensibilityGlobals) = postSolution
		SolutionGuid = {1D874F49-CC45-4A4D-8ACA-79B14FD341F7}
	EndGlobalSection
EndGlobal
