
Microsoft Visual Studio Solution File, Format Version 12.00
# Visual Studio Version 17
VisualStudioVersion = 17.5.002.0
MinimumVisualStudioVersion = 10.0.40219.1
Project("{9A19103F-16F7-4668-BE54-9A1E7A4F7556}") = "EXEMPLO-POO", "EXEMPLO-POO.csproj", "{DC949154-7AE7-4CAC-9A73-03CF9C9EBCEE}"
EndProject
Global
	GlobalSection(SolutionConfigurationPlatforms) = preSolution
		Debug|Any CPU = Debug|Any CPU
		Release|Any CPU = Release|Any CPU
	EndGlobalSection
	GlobalSection(ProjectConfigurationPlatforms) = postSolution
		{DC949154-7AE7-4CAC-9A73-03CF9C9EBCEE}.Debug|Any CPU.ActiveCfg = Debug|Any CPU
		{DC949154-7AE7-4CAC-9A73-03CF9C9EBCEE}.Debug|Any CPU.Build.0 = Debug|Any CPU
		{DC949154-7AE7-4CAC-9A73-03CF9C9EBCEE}.Release|Any CPU.ActiveCfg = Release|Any CPU
		{DC949154-7AE7-4CAC-9A73-03CF9C9EBCEE}.Release|Any CPU.Build.0 = Release|Any CPU
	EndGlobalSection
	GlobalSection(SolutionProperties) = preSolution
		HideSolutionNode = FALSE
	EndGlobalSection
	GlobalSection(ExtensibilityGlobals) = postSolution
		SolutionGuid = {57AFE59B-B56B-4810-9628-538E0CA6D9EF}
	EndGlobalSection
EndGlobal
